
Microsoft Visual Studio Solution File, Format Version 12.00
Project("{2150E333-8FDC-42A3-9474-1A3956D46DE8}") = "src", "src", "{32496549-2619-45A2-B4A1-840D375402C0}"
EndProject
Project("{FAE04EC0-301F-11D3-BF4B-00C04F79EFBC}") = "Apollo.Identity.Core.Domain", "src\Apollo.Identity.Core.Domain\Apollo.Identity.Core.Domain.csproj", "{454537E1-A023-47B4-AD6B-4E7B25484722}"
EndProject
Project("{FAE04EC0-301F-11D3-BF4B-00C04F79EFBC}") = "Apollo.Identity.Core.Application", "src\Apollo.Identity.Core.Application\Apollo.Identity.Core.Application.csproj", "{185C6B96-9BB3-43A2-AA22-A31DEE193264}"
EndProject
Global
	GlobalSection(SolutionConfigurationPlatforms) = preSolution
		Debug|Any CPU = Debug|Any CPU
		Release|Any CPU = Release|Any CPU
	EndGlobalSection
	GlobalSection(NestedProjects) = preSolution
		{454537E1-A023-47B4-AD6B-4E7B25484722} = {32496549-2619-45A2-B4A1-840D375402C0}
		{185C6B96-9BB3-43A2-AA22-A31DEE193264} = {32496549-2619-45A2-B4A1-840D375402C0}
	EndGlobalSection
	GlobalSection(ProjectConfigurationPlatforms) = postSolution
		{454537E1-A023-47B4-AD6B-4E7B25484722}.Debug|Any CPU.ActiveCfg = Debug|Any CPU
		{454537E1-A023-47B4-AD6B-4E7B25484722}.Debug|Any CPU.Build.0 = Debug|Any CPU
		{454537E1-A023-47B4-AD6B-4E7B25484722}.Release|Any CPU.ActiveCfg = Release|Any CPU
		{454537E1-A023-47B4-AD6B-4E7B25484722}.Release|Any CPU.Build.0 = Release|Any CPU
		{185C6B96-9BB3-43A2-AA22-A31DEE193264}.Debug|Any CPU.ActiveCfg = Debug|Any CPU
		{185C6B96-9BB3-43A2-AA22-A31DEE193264}.Debug|Any CPU.Build.0 = Debug|Any CPU
		{185C6B96-9BB3-43A2-AA22-A31DEE193264}.Release|Any CPU.ActiveCfg = Release|Any CPU
		{185C6B96-9BB3-43A2-AA22-A31DEE193264}.Release|Any CPU.Build.0 = Release|Any CPU
	EndGlobalSection
EndGlobal
