
Microsoft Visual Studio Solution File, Format Version 12.00
Project("{2150E333-8FDC-42A3-9474-1A3956D46DE8}") = "src", "src", "{97DD3F74-5766-4259-B0EE-64C6F64762D7}"
EndProject
Project("{2150E333-8FDC-42A3-9474-1A3956D46DE8}") = "test", "test", "{A85F54E2-9DCA-41F9-BC32-4763BD012CA2}"
EndProject
Project("{FAE04EC0-301F-11D3-BF4B-00C04F79EFBC}") = "DerrySmith.Extensions.Common", "src\DerrySmith.Extensions.Common\DerrySmith.Extensions.Common.csproj", "{6B5E4DBF-909B-4C6E-83E4-7A5DCB649004}"
EndProject
Project("{FAE04EC0-301F-11D3-BF4B-00C04F79EFBC}") = "DerrySmith.Extensions.Domain", "src\DerrySmith.Extensions.Domain\DerrySmith.Extensions.Domain.csproj", "{C9DEFFBE-1BF1-49EC-ACCC-F87D533702C7}"
EndProject
Project("{FAE04EC0-301F-11D3-BF4B-00C04F79EFBC}") = "DerrySmith.Extensions.Common.Tests", "test\DerrySmith.Extensions.Common.Tests\DerrySmith.Extensions.Common.Tests.csproj", "{B0299665-039D-4562-B7C4-F823E4DA6D26}"
EndProject
Project("{FAE04EC0-301F-11D3-BF4B-00C04F79EFBC}") = "DerrySmith.Extensions.Domain.Tests", "test\DerrySmith.Extensions.Domain.Tests\DerrySmith.Extensions.Domain.Tests.csproj", "{1D669606-8DE7-4433-ACF6-58856C254A25}"
EndProject
Global
	GlobalSection(SolutionConfigurationPlatforms) = preSolution
		Debug|Any CPU = Debug|Any CPU
		Release|Any CPU = Release|Any CPU
	EndGlobalSection
	GlobalSection(NestedProjects) = preSolution
		{6B5E4DBF-909B-4C6E-83E4-7A5DCB649004} = {97DD3F74-5766-4259-B0EE-64C6F64762D7}
		{C9DEFFBE-1BF1-49EC-ACCC-F87D533702C7} = {97DD3F74-5766-4259-B0EE-64C6F64762D7}
		{B0299665-039D-4562-B7C4-F823E4DA6D26} = {A85F54E2-9DCA-41F9-BC32-4763BD012CA2}
		{1D669606-8DE7-4433-ACF6-58856C254A25} = {A85F54E2-9DCA-41F9-BC32-4763BD012CA2}
	EndGlobalSection
	GlobalSection(ProjectConfigurationPlatforms) = postSolution
		{6B5E4DBF-909B-4C6E-83E4-7A5DCB649004}.Debug|Any CPU.ActiveCfg = Debug|Any CPU
		{6B5E4DBF-909B-4C6E-83E4-7A5DCB649004}.Debug|Any CPU.Build.0 = Debug|Any CPU
		{6B5E4DBF-909B-4C6E-83E4-7A5DCB649004}.Release|Any CPU.ActiveCfg = Release|Any CPU
		{6B5E4DBF-909B-4C6E-83E4-7A5DCB649004}.Release|Any CPU.Build.0 = Release|Any CPU
		{C9DEFFBE-1BF1-49EC-ACCC-F87D533702C7}.Debug|Any CPU.ActiveCfg = Debug|Any CPU
		{C9DEFFBE-1BF1-49EC-ACCC-F87D533702C7}.Debug|Any CPU.Build.0 = Debug|Any CPU
		{C9DEFFBE-1BF1-49EC-ACCC-F87D533702C7}.Release|Any CPU.ActiveCfg = Release|Any CPU
		{C9DEFFBE-1BF1-49EC-ACCC-F87D533702C7}.Release|Any CPU.Build.0 = Release|Any CPU
		{B0299665-039D-4562-B7C4-F823E4DA6D26}.Debug|Any CPU.ActiveCfg = Debug|Any CPU
		{B0299665-039D-4562-B7C4-F823E4DA6D26}.Debug|Any CPU.Build.0 = Debug|Any CPU
		{B0299665-039D-4562-B7C4-F823E4DA6D26}.Release|Any CPU.ActiveCfg = Release|Any CPU
		{B0299665-039D-4562-B7C4-F823E4DA6D26}.Release|Any CPU.Build.0 = Release|Any CPU
		{1D669606-8DE7-4433-ACF6-58856C254A25}.Debug|Any CPU.ActiveCfg = Debug|Any CPU
		{1D669606-8DE7-4433-ACF6-58856C254A25}.Debug|Any CPU.Build.0 = Debug|Any CPU
		{1D669606-8DE7-4433-ACF6-58856C254A25}.Release|Any CPU.ActiveCfg = Release|Any CPU
		{1D669606-8DE7-4433-ACF6-58856C254A25}.Release|Any CPU.Build.0 = Release|Any CPU
	EndGlobalSection
EndGlobal
