<Solution>
  <Folder Name="/src/">
    <Project Path="src\Legenderry.Apollo.Extensions.Core.Analyzers\Legenderry.Apollo.Extensions.Core.Analyzers.csproj" Type="Classic C#" />
    <Project Path="src\Legenderry.Apollo.Extensions.Core\Legenderry.Apollo.Extensions.Core.csproj" Type="Classic C#" />
  </Folder>
  <Folder Name="/test/">
    <Project Path="test\Legenderry.Apollo.Extensions.Core.Tests\Legenderry.Apollo.Extensions.Core.Tests.csproj" Type="Classic C#" />
  </Folder>
</Solution>